
Microsoft Visual Studio Solution File, Format Version 12.00
# Visual Studio Version 16
VisualStudioVersion = 16.0.29920.165
MinimumVisualStudioVersion = 10.0.40219.1
Project("{2150E333-8FDC-42A3-9474-1A3956D46DE8}") = "1.Presentation", "1.Presentation", "{16D3D91D-AB64-452B-9F7A-E068E89B4958}"
EndProject
Project("{2150E333-8FDC-42A3-9474-1A3956D46DE8}") = "2.Application", "2.Application", "{2F8839EA-A3A7-4274-8512-46750D748457}"
EndProject
Project("{2150E333-8FDC-42A3-9474-1A3956D46DE8}") = "Solution Items", "Solution Items", "{DB84F488-E830-44C9-AAC6-65FBD1F6D683}"
	ProjectSection(SolutionItems) = preProject
		.gitignore = .gitignore
		LICENSE = LICENSE
		README.md = README.md
	EndProjectSection
EndProject
Project("{2150E333-8FDC-42A3-9474-1A3956D46DE8}") = "3.Domain", "3.Domain", "{583DB1DA-839E-442F-9DF3-40F78AED5739}"
EndProject
Project("{2150E333-8FDC-42A3-9474-1A3956D46DE8}") = "4.Infra", "4.Infra", "{1482C5D4-AD19-43D1-932B-ABFCF06EB040}"
EndProject
Project("{2150E333-8FDC-42A3-9474-1A3956D46DE8}") = "5.Core", "5.Core", "{8AFC330C-E3EC-41FC-A2F5-2B1B48F8CECA}"
EndProject
Project("{2150E333-8FDC-42A3-9474-1A3956D46DE8}") = "src", "src", "{08CE9323-6C04-42FB-971A-0EDCE401D874}"
EndProject
Project("{2150E333-8FDC-42A3-9474-1A3956D46DE8}") = "test", "test", "{77576CFD-CF9C-4F87-85B7-191293D7A422}"
EndProject
Project("{FAE04EC0-301F-11D3-BF4B-00C04F79EFBC}") = "Bubble.Domain.Shared", "src\Bubble.Domain.Shared\Bubble.Domain.Shared.csproj", "{26DE68E7-8518-42E5-A7E4-73A10AC2C488}"
EndProject
Project("{FAE04EC0-301F-11D3-BF4B-00C04F79EFBC}") = "Bubble.WebAPI", "src\Bubble.WebAPI\Bubble.WebAPI.csproj", "{5EA6ADCB-9FD1-4C5A-A5B0-97F330B28568}"
EndProject
Project("{FAE04EC0-301F-11D3-BF4B-00C04F79EFBC}") = "Bubble.Application.Contract", "src\Bubble.Application.Contract\Bubble.Application.Contract.csproj", "{FD08758A-FC6D-457B-B8D9-33DC20EBB30D}"
EndProject
Project("{FAE04EC0-301F-11D3-BF4B-00C04F79EFBC}") = "Bubble.Application", "src\Bubble.Application\Bubble.Application.csproj", "{A3B8AECC-47CB-42AA-ABA5-55B3D1C8F439}"
EndProject
Project("{FAE04EC0-301F-11D3-BF4B-00C04F79EFBC}") = "Bubble.Domain", "src\Bubble.Domain\Bubble.Domain.csproj", "{30A53C77-F554-4CFE-9015-A5264236D50A}"
EndProject
Project("{FAE04EC0-301F-11D3-BF4B-00C04F79EFBC}") = "Bubble.Core", "src\Bubble.Core\Bubble.Core.csproj", "{4192D579-4845-4AB0-AC17-B101CCA00273}"
EndProject
Project("{FAE04EC0-301F-11D3-BF4B-00C04F79EFBC}") = "Bubble.FreeSql", "src\Bubble.FreeSql\Bubble.FreeSql.csproj", "{A9EF3C1D-C43A-403E-9E11-F6BAC5CDEA21}"
EndProject
Global
	GlobalSection(SolutionConfigurationPlatforms) = preSolution
		Debug|Any CPU = Debug|Any CPU
		Release|Any CPU = Release|Any CPU
	EndGlobalSection
	GlobalSection(ProjectConfigurationPlatforms) = postSolution
		{26DE68E7-8518-42E5-A7E4-73A10AC2C488}.Debug|Any CPU.ActiveCfg = Debug|Any CPU
		{26DE68E7-8518-42E5-A7E4-73A10AC2C488}.Debug|Any CPU.Build.0 = Debug|Any CPU
		{26DE68E7-8518-42E5-A7E4-73A10AC2C488}.Release|Any CPU.ActiveCfg = Release|Any CPU
		{26DE68E7-8518-42E5-A7E4-73A10AC2C488}.Release|Any CPU.Build.0 = Release|Any CPU
		{5EA6ADCB-9FD1-4C5A-A5B0-97F330B28568}.Debug|Any CPU.ActiveCfg = Debug|Any CPU
		{5EA6ADCB-9FD1-4C5A-A5B0-97F330B28568}.Debug|Any CPU.Build.0 = Debug|Any CPU
		{5EA6ADCB-9FD1-4C5A-A5B0-97F330B28568}.Release|Any CPU.ActiveCfg = Release|Any CPU
		{5EA6ADCB-9FD1-4C5A-A5B0-97F330B28568}.Release|Any CPU.Build.0 = Release|Any CPU
		{FD08758A-FC6D-457B-B8D9-33DC20EBB30D}.Debug|Any CPU.ActiveCfg = Debug|Any CPU
		{FD08758A-FC6D-457B-B8D9-33DC20EBB30D}.Debug|Any CPU.Build.0 = Debug|Any CPU
		{FD08758A-FC6D-457B-B8D9-33DC20EBB30D}.Release|Any CPU.ActiveCfg = Release|Any CPU
		{FD08758A-FC6D-457B-B8D9-33DC20EBB30D}.Release|Any CPU.Build.0 = Release|Any CPU
		{A3B8AECC-47CB-42AA-ABA5-55B3D1C8F439}.Debug|Any CPU.ActiveCfg = Debug|Any CPU
		{A3B8AECC-47CB-42AA-ABA5-55B3D1C8F439}.Debug|Any CPU.Build.0 = Debug|Any CPU
		{A3B8AECC-47CB-42AA-ABA5-55B3D1C8F439}.Release|Any CPU.ActiveCfg = Release|Any CPU
		{A3B8AECC-47CB-42AA-ABA5-55B3D1C8F439}.Release|Any CPU.Build.0 = Release|Any CPU
		{30A53C77-F554-4CFE-9015-A5264236D50A}.Debug|Any CPU.ActiveCfg = Debug|Any CPU
		{30A53C77-F554-4CFE-9015-A5264236D50A}.Debug|Any CPU.Build.0 = Debug|Any CPU
		{30A53C77-F554-4CFE-9015-A5264236D50A}.Release|Any CPU.ActiveCfg = Release|Any CPU
		{30A53C77-F554-4CFE-9015-A5264236D50A}.Release|Any CPU.Build.0 = Release|Any CPU
		{4192D579-4845-4AB0-AC17-B101CCA00273}.Debug|Any CPU.ActiveCfg = Debug|Any CPU
		{4192D579-4845-4AB0-AC17-B101CCA00273}.Debug|Any CPU.Build.0 = Debug|Any CPU
		{4192D579-4845-4AB0-AC17-B101CCA00273}.Release|Any CPU.ActiveCfg = Release|Any CPU
		{4192D579-4845-4AB0-AC17-B101CCA00273}.Release|Any CPU.Build.0 = Release|Any CPU
		{A9EF3C1D-C43A-403E-9E11-F6BAC5CDEA21}.Debug|Any CPU.ActiveCfg = Debug|Any CPU
		{A9EF3C1D-C43A-403E-9E11-F6BAC5CDEA21}.Debug|Any CPU.Build.0 = Debug|Any CPU
		{A9EF3C1D-C43A-403E-9E11-F6BAC5CDEA21}.Release|Any CPU.ActiveCfg = Release|Any CPU
		{A9EF3C1D-C43A-403E-9E11-F6BAC5CDEA21}.Release|Any CPU.Build.0 = Release|Any CPU
	EndGlobalSection
	GlobalSection(SolutionProperties) = preSolution
		HideSolutionNode = FALSE
	EndGlobalSection
	GlobalSection(NestedProjects) = preSolution
		{16D3D91D-AB64-452B-9F7A-E068E89B4958} = {08CE9323-6C04-42FB-971A-0EDCE401D874}
		{2F8839EA-A3A7-4274-8512-46750D748457} = {08CE9323-6C04-42FB-971A-0EDCE401D874}
		{583DB1DA-839E-442F-9DF3-40F78AED5739} = {08CE9323-6C04-42FB-971A-0EDCE401D874}
		{1482C5D4-AD19-43D1-932B-ABFCF06EB040} = {08CE9323-6C04-42FB-971A-0EDCE401D874}
		{8AFC330C-E3EC-41FC-A2F5-2B1B48F8CECA} = {08CE9323-6C04-42FB-971A-0EDCE401D874}
		{26DE68E7-8518-42E5-A7E4-73A10AC2C488} = {583DB1DA-839E-442F-9DF3-40F78AED5739}
		{5EA6ADCB-9FD1-4C5A-A5B0-97F330B28568} = {16D3D91D-AB64-452B-9F7A-E068E89B4958}
		{FD08758A-FC6D-457B-B8D9-33DC20EBB30D} = {2F8839EA-A3A7-4274-8512-46750D748457}
		{A3B8AECC-47CB-42AA-ABA5-55B3D1C8F439} = {2F8839EA-A3A7-4274-8512-46750D748457}
		{30A53C77-F554-4CFE-9015-A5264236D50A} = {583DB1DA-839E-442F-9DF3-40F78AED5739}
		{4192D579-4845-4AB0-AC17-B101CCA00273} = {8AFC330C-E3EC-41FC-A2F5-2B1B48F8CECA}
		{A9EF3C1D-C43A-403E-9E11-F6BAC5CDEA21} = {1482C5D4-AD19-43D1-932B-ABFCF06EB040}
	EndGlobalSection
	GlobalSection(ExtensibilityGlobals) = postSolution
		SolutionGuid = {2ABFEF21-A925-410C-8434-130618DCB4DC}
	EndGlobalSection
EndGlobal
